// !$*UTF8*$!
{
	archiveVersion = 1;
	classes = {
	};
	objectVersion = 46;
	objects = {

/* Begin PBXFileReference section */
		2D002F7B104FCC3200981B2C /* Makefile */ = {isa = PBXFileReference; explicitFileType = sourcecode.make; fileEncoding = 4; path = Makefile; sourceTree = "<group>"; wrapsLines = 0; };
		2D002F7D104FCC3200981B2C /* kernel.h */ = {isa = PBXFileReference; fileEncoding = 4; lastKnownFileType = sourcecode.c.h; path = kernel.h; sourceTree = "<group>"; tabWidth = 8; };
		2D002F80104FCC3200981B2C /* svm_classify.c */ = {isa = PBXFileReference; fileEncoding = 4; indentWidth = 2; lastKnownFileType = sourcecode.c.c; path = svm_classify.c; sourceTree = "<group>"; tabWidth = 8; usesTabs = 0; };
		2D002F81104FCC3200981B2C /* svm_common.c */ = {isa = PBXFileReference; fileEncoding = 4; indentWidth = 2; lastKnownFileType = sourcecode.c.c; path = svm_common.c; sourceTree = "<group>"; tabWidth = 8; usesTabs = 0; };
		2D002F82104FCC3200981B2C /* svm_common.h */ = {isa = PBXFileReference; fileEncoding = 4; lastKnownFileType = sourcecode.c.h; path = svm_common.h; sourceTree = "<group>"; tabWidth = 8; };
		2D002F84104FCC3200981B2C /* svm_hideo.c */ = {isa = PBXFileReference; fileEncoding = 4; indentWidth = 2; lastKnownFileType = sourcecode.c.c; path = svm_hideo.c; sourceTree = "<group>"; tabWidth = 8; usesTabs = 0; };
		2D002F86104FCC3200981B2C /* svm_learn.c */ = {isa = PBXFileReference; fileEncoding = 4; indentWidth = 2; lastKnownFileType = sourcecode.c.c; path = svm_learn.c; sourceTree = "<group>"; tabWidth = 8; usesTabs = 0; };
		2D002F87104FCC3200981B2C /* svm_learn.h */ = {isa = PBXFileReference; fileEncoding = 4; lastKnownFileType = sourcecode.c.h; path = svm_learn.h; sourceTree = "<group>"; tabWidth = 8; };
		2D002F89104FCC3200981B2C /* svm_learn_main.c */ = {isa = PBXFileReference; fileEncoding = 4; lastKnownFileType = sourcecode.c.c; path = svm_learn_main.c; sourceTree = "<group>"; tabWidth = 8; };
		2D002F8A104FCC3200981B2C /* svm_loqo.c */ = {isa = PBXFileReference; fileEncoding = 4; indentWidth = 2; lastKnownFileType = sourcecode.c.c; path = svm_loqo.c; sourceTree = "<group>"; tabWidth = 8; usesTabs = 0; };
		2D002F8D104FCC3200981B2C /* svm_struct_classify.c */ = {isa = PBXFileReference; fileEncoding = 4; lastKnownFileType = sourcecode.c.c; path = svm_struct_classify.c; sourceTree = "<group>"; tabWidth = 8; };
		2D002F8E104FCC3200981B2C /* svm_struct_common.c */ = {isa = PBXFileReference; fileEncoding = 4; indentWidth = 2; lastKnownFileType = sourcecode.c.c; path = svm_struct_common.c; sourceTree = "<group>"; tabWidth = 8; usesTabs = 0; };
		2D002F8F104FCC3200981B2C /* svm_struct_common.h */ = {isa = PBXFileReference; fileEncoding = 4; lastKnownFileType = sourcecode.c.h; path = svm_struct_common.h; sourceTree = "<group>"; tabWidth = 8; };
		2D002F91104FCC3200981B2C /* svm_struct_learn.c */ = {isa = PBXFileReference; fileEncoding = 4; indentWidth = 2; lastKnownFileType = sourcecode.c.c; path = svm_struct_learn.c; sourceTree = "<group>"; tabWidth = 8; usesTabs = 0; };
		2D002F92104FCC3200981B2C /* svm_struct_learn.h */ = {isa = PBXFileReference; fileEncoding = 4; lastKnownFileType = sourcecode.c.h; path = svm_struct_learn.h; sourceTree = "<group>"; tabWidth = 8; };
		2D002F94104FCC3200981B2C /* svm_struct_main.c */ = {isa = PBXFileReference; fileEncoding = 4; indentWidth = 2; lastKnownFileType = sourcecode.c.c; path = svm_struct_main.c; sourceTree = "<group>"; tabWidth = 8; usesTabs = 0; };
		2D002F95104FCC3200981B2C /* svm_struct_api.c */ = {isa = PBXFileReference; fileEncoding = 4; indentWidth = 2; lastKnownFileType = sourcecode.c.c; lineEnding = 0; path = svm_struct_api.c; sourceTree = "<group>"; tabWidth = 8; xcLanguageSpecificationIdentifier = xcode.lang.c; };
		2D002F96104FCC3200981B2C /* svm_struct_api.h */ = {isa = PBXFileReference; fileEncoding = 4; lastKnownFileType = sourcecode.c.h; path = svm_struct_api.h; sourceTree = "<group>"; tabWidth = 8; };
		2D002F97104FCC3200981B2C /* svm_struct_api_types.h */ = {isa = PBXFileReference; fileEncoding = 4; lastKnownFileType = sourcecode.c.h; path = svm_struct_api_types.h; sourceTree = "<group>"; tabWidth = 8; };
		2D002F98104FCC3200981B2C /* svm_struct_learn.m */ = {isa = PBXFileReference; explicitFileType = sourcecode; fileEncoding = 4; lineEnding = 0; path = svm_struct_learn.m; sourceTree = "<group>"; tabWidth = 2; xcLanguageSpecificationIdentifier = xcode.lang.objc; };
		2D002F99104FCC3200981B2C /* svm_struct_learn_custom.c */ = {isa = PBXFileReference; fileEncoding = 4; lastKnownFileType = sourcecode.c.c; path = svm_struct_learn_custom.c; sourceTree = "<group>"; tabWidth = 8; };
		2D002F9A104FCC3200981B2C /* test_svm_struct_learn.m */ = {isa = PBXFileReference; explicitFileType = sourcecode; fileEncoding = 4; lineEnding = 0; path = test_svm_struct_learn.m; sourceTree = "<group>"; tabWidth = 2; xcLanguageSpecificationIdentifier = xcode.lang.objc; };
		2D002F9B104FCC3200981B2C /* test_svm_struct_learn_ker.m */ = {isa = PBXFileReference; explicitFileType = sourcecode; fileEncoding = 4; lineEnding = 0; path = test_svm_struct_learn_ker.m; sourceTree = "<group>"; tabWidth = 2; xcLanguageSpecificationIdentifier = xcode.lang.objc; };
		2D0030081050194100981B2C /* svm_struct_learn_mex.c */ = {isa = PBXFileReference; fileEncoding = 4; lastKnownFileType = sourcecode.c.c; path = svm_struct_learn_mex.c; sourceTree = "<group>"; };
		2D60637D13C8CAB70083CAB2 /* README_MATLAB.txt */ = {isa = PBXFileReference; fileEncoding = 4; lastKnownFileType = text; path = README_MATLAB.txt; sourceTree = "<group>"; wrapsLines = 0; };
/* End PBXFileReference section */

/* Begin PBXGroup section */
		2D002F66104FCBBE00981B2C = {
			isa = PBXGroup;
			children = (
				2D60637D13C8CAB70083CAB2 /* README_MATLAB.txt */,
				2D002F7B104FCC3200981B2C /* Makefile */,
				2D002F7C104FCC3200981B2C /* svm_light */,
				2D002F8B104FCC3200981B2C /* svm_struct */,
				2D002F95104FCC3200981B2C /* svm_struct_api.c */,
				2D002F96104FCC3200981B2C /* svm_struct_api.h */,
				2D002F97104FCC3200981B2C /* svm_struct_api_types.h */,
				2D002F99104FCC3200981B2C /* svm_struct_learn_custom.c */,
				2D0030081050194100981B2C /* svm_struct_learn_mex.c */,
				2D002F98104FCC3200981B2C /* svm_struct_learn.m */,
				2D002F9A104FCC3200981B2C /* test_svm_struct_learn.m */,
				2D002F9B104FCC3200981B2C /* test_svm_struct_learn_ker.m */,
			);
			sourceTree = "<group>";
		};
		2D002F7C104FCC3200981B2C /* svm_light */ = {
			isa = PBXGroup;
			children = (
				2D002F7D104FCC3200981B2C /* kernel.h */,
				2D002F80104FCC3200981B2C /* svm_classify.c */,
				2D002F81104FCC3200981B2C /* svm_common.c */,
				2D002F82104FCC3200981B2C /* svm_common.h */,
				2D002F84104FCC3200981B2C /* svm_hideo.c */,
				2D002F86104FCC3200981B2C /* svm_learn.c */,
				2D002F87104FCC3200981B2C /* svm_learn.h */,
				2D002F89104FCC3200981B2C /* svm_learn_main.c */,
				2D002F8A104FCC3200981B2C /* svm_loqo.c */,
			);
			path = svm_light;
			sourceTree = "<group>";
			tabWidth = 8;
		};
		2D002F8B104FCC3200981B2C /* svm_struct */ = {
			isa = PBXGroup;
			children = (
				2D002F8D104FCC3200981B2C /* svm_struct_classify.c */,
				2D002F8E104FCC3200981B2C /* svm_struct_common.c */,
				2D002F8F104FCC3200981B2C /* svm_struct_common.h */,
				2D002F91104FCC3200981B2C /* svm_struct_learn.c */,
				2D002F92104FCC3200981B2C /* svm_struct_learn.h */,
				2D002F94104FCC3200981B2C /* svm_struct_main.c */,
			);
			path = svm_struct;
			sourceTree = "<group>";
			tabWidth = 8;
		};
/* End PBXGroup section */

/* Begin PBXLegacyTarget section */
		2D002F9C104FCC8300981B2C /* all */ = {
			isa = PBXLegacyTarget;
			buildArgumentsString = "$(ACTION)";
			buildConfigurationList = 2D002FA7104FCCBB00981B2C /* Build configuration list for PBXLegacyTarget "all" */;
			buildPhases = (
			);
			buildToolPath = /usr/bin/make;
			dependencies = (
			);
			name = all;
			passBuildSettingsInEnvironment = 1;
			productName = all;
		};
/* End PBXLegacyTarget section */

/* Begin PBXProject section */
		2D002F68104FCBBE00981B2C /* Project object */ = {
			isa = PBXProject;
			attributes = {
				LastUpgradeCheck = 0450;
			};
			buildConfigurationList = 2D002F6B104FCBBE00981B2C /* Build configuration list for PBXProject "svm-struct-matlab" */;
			compatibilityVersion = "Xcode 3.2";
			developmentRegion = English;
			hasScannedForEncodings = 0;
			knownRegions = (
				en,
			);
			mainGroup = 2D002F66104FCBBE00981B2C;
			projectDirPath = "";
			projectRoot = "";
			targets = (
				2D002F9C104FCC8300981B2C /* all */,
			);
		};
/* End PBXProject section */

/* Begin XCBuildConfiguration section */
		2D002F69104FCBBE00981B2C /* Debug */ = {
			isa = XCBuildConfiguration;
			buildSettings = {
				ARCH = "$(ARCH_$(ARCHS))";
				ARCHS = (
					i386,
					x86_64,
				);
				ARCH_i386 = maci;
				ARCH_x86_64 = maci64;
				DOXYGEN = doxygen;
				HEADER_SEARCH_PATHS = "$(MATLABROOT)/extern/include";
				MACOSX_DEPLOYMENT_TARGET = 10.5;
				MATLABROOT = /Applications/Matlab_R2011A.app;
				MEX = "$(MATLABROOT)/bin/mex";
				ONLY_ACTIVE_ARCH = YES;
				SDKROOT = macosx;
			};
			name = Debug;
		};
		2D002F6A104FCBBE00981B2C /* Release */ = {
			isa = XCBuildConfiguration;
			buildSettings = {
				ARCH = "$(ARCH_$(ARCHS))";
				ARCHS = (
					i386,
					x86_64,
				);
				ARCH_i386 = maci;
				ARCH_x86_64 = maci64;
				DOXYGEN = doxygen;
				HEADER_SEARCH_PATHS = "$(MATLABROOT)/extern/include";
				MACOSX_DEPLOYMENT_TARGET = 10.5;
				MATLABROOT = /Applications/Matlab_R2011A.app;
				MEX = "$(MATLABROOT)/bin/mex";
				NDEBUG = yes;
				ONLY_ACTIVE_ARCH = YES;
				SDKROOT = macosx;
			};
			name = Release;
		};
		2D002F9D104FCC8300981B2C /* Debug */ = {
			isa = XCBuildConfiguration;
			buildSettings = {
				COMBINE_HIDPI_IMAGES = YES;
			};
			name = Debug;
		};
		2D002F9E104FCC8300981B2C /* Release */ = {
			isa = XCBuildConfiguration;
			buildSettings = {
				COMBINE_HIDPI_IMAGES = YES;
			};
			name = Release;
		};
/* End XCBuildConfiguration section */

/* Begin XCConfigurationList section */
		2D002F6B104FCBBE00981B2C /* Build configuration list for PBXProject "svm-struct-matlab" */ = {
			isa = XCConfigurationList;
			buildConfigurations = (
				2D002F69104FCBBE00981B2C /* Debug */,
				2D002F6A104FCBBE00981B2C /* Release */,
			);
			defaultConfigurationIsVisible = 0;
			defaultConfigurationName = Release;
		};
		2D002FA7104FCCBB00981B2C /* Build configuration list for PBXLegacyTarget "all" */ = {
			isa = XCConfigurationList;
			buildConfigurations = (
				2D002F9D104FCC8300981B2C /* Debug */,
				2D002F9E104FCC8300981B2C /* Release */,
			);
			defaultConfigurationIsVisible = 0;
			defaultConfigurationName = Release;
		};
/* End XCConfigurationList section */
	};
	rootObject = 2D002F68104FCBBE00981B2C /* Project object */;
}
